
Microsoft Visual Studio Solution File, Format Version 12.00
# Visual Studio Version 17
VisualStudioVersion = 17.10.35122.118
MinimumVisualStudioVersion = 10.0.40219.1
Project("{FAE04EC0-301F-11D3-BF4B-00C04F79EFBC}") = "ResultPattern", "ResultPattern\ResultPattern.csproj", "{C501D91F-BFD9-47BD-942A-1DC5766C564B}"
EndProject
Global
	GlobalSection(SolutionConfigurationPlatforms) = preSolution
		Debug|Any CPU = Debug|Any CPU
		Release|Any CPU = Release|Any CPU
	EndGlobalSection
	GlobalSection(ProjectConfigurationPlatforms) = postSolution
		{C501D91F-BFD9-47BD-942A-1DC5766C564B}.Debug|Any CPU.ActiveCfg = Debug|Any CPU
		{C501D91F-BFD9-47BD-942A-1DC5766C564B}.Debug|Any CPU.Build.0 = Debug|Any CPU
		{C501D91F-BFD9-47BD-942A-1DC5766C564B}.Release|Any CPU.ActiveCfg = Release|Any CPU
		{C501D91F-BFD9-47BD-942A-1DC5766C564B}.Release|Any CPU.Build.0 = Release|Any CPU
	EndGlobalSection
	GlobalSection(SolutionProperties) = preSolution
		HideSolutionNode = FALSE
	EndGlobalSection
	GlobalSection(ExtensibilityGlobals) = postSolution
		SolutionGuid = {3B0D7E51-DFAE-4B98-A144-A3FB793D1995}
	EndGlobalSection
EndGlobal
